// !$*UTF8*$!
{
	archiveVersion = 1;
	classes = {
	};
	objectVersion = 46;
	objects = {

/* Begin PBXBuildFile section */
		8A0B0D81180D845200A61B3B /* Foundation.framework in Frameworks */ = {isa = PBXBuildFile; fileRef = 8A0B0D80180D845200A61B3B /* Foundation.framework */; };
		8A0B0D83180D845200A61B3B /* CoreGraphics.framework in Frameworks */ = {isa = PBXBuildFile; fileRef = 8A0B0D82180D845200A61B3B /* CoreGraphics.framework */; };
		8A0B0D85180D845200A61B3B /* UIKit.framework in Frameworks */ = {isa = PBXBuildFile; fileRef = 8A0B0D84180D845200A61B3B /* UIKit.framework */; };
		8A0B0D8B180D845200A61B3B /* InfoPlist.strings in Resources */ = {isa = PBXBuildFile; fileRef = 8A0B0D89180D845200A61B3B /* InfoPlist.strings */; };
		8A0B0D8D180D845200A61B3B /* main.m in Sources */ = {isa = PBXBuildFile; fileRef = 8A0B0D8C180D845200A61B3B /* main.m */; };
		8A0B0D91180D845200A61B3B /* TMPAppDelegate.m in Sources */ = {isa = PBXBuildFile; fileRef = 8A0B0D90180D845200A61B3B /* TMPAppDelegate.m */; };
		8A0B0D94180D845200A61B3B /* Main_iPhone.storyboard in Resources */ = {isa = PBXBuildFile; fileRef = 8A0B0D92180D845200A61B3B /* Main_iPhone.storyboard */; };
		8A0B0D97180D845200A61B3B /* Main_iPad.storyboard in Resources */ = {isa = PBXBuildFile; fileRef = 8A0B0D95180D845200A61B3B /* Main_iPad.storyboard */; };
		8A0B0D9A180D845200A61B3B /* TMPViewController.m in Sources */ = {isa = PBXBuildFile; fileRef = 8A0B0D99180D845200A61B3B /* TMPViewController.m */; };
		8A0B0D9C180D845200A61B3B /* Images.xcassets in Resources */ = {isa = PBXBuildFile; fileRef = 8A0B0D9B180D845200A61B3B /* Images.xcassets */; };
		8A0B0DA3180D845200A61B3B /* XCTest.framework in Frameworks */ = {isa = PBXBuildFile; fileRef = 8A0B0DA2180D845200A61B3B /* XCTest.framework */; };
		8A0B0DA4180D845200A61B3B /* Foundation.framework in Frameworks */ = {isa = PBXBuildFile; fileRef = 8A0B0D80180D845200A61B3B /* Foundation.framework */; };
		8A0B0DA5180D845200A61B3B /* UIKit.framework in Frameworks */ = {isa = PBXBuildFile; fileRef = 8A0B0D84180D845200A61B3B /* UIKit.framework */; };
		8A0B0DAD180D845200A61B3B /* InfoPlist.strings in Resources */ = {isa = PBXBuildFile; fileRef = 8A0B0DAB180D845200A61B3B /* InfoPlist.strings */; };
		8A0B0DAF180D845200A61B3B /* TemplateImageTestTests.m in Sources */ = {isa = PBXBuildFile; fileRef = 8A0B0DAE180D845200A61B3B /* TemplateImageTestTests.m */; };
/* End PBXBuildFile section */

/* Begin PBXContainerItemProxy section */
		8A0B0DA6180D845200A61B3B /* PBXContainerItemProxy */ = {
			isa = PBXContainerItemProxy;
			containerPortal = 8A0B0D75180D845200A61B3B /* Project object */;
			proxyType = 1;
			remoteGlobalIDString = 8A0B0D7C180D845200A61B3B;
			remoteInfo = TemplateImageTest;
		};
/* End PBXContainerItemProxy section */

/* Begin PBXFileReference section */
		8A0B0D7D180D845200A61B3B /* TemplateImageTest.app */ = {isa = PBXFileReference; explicitFileType = wrapper.application; includeInIndex = 0; path = TemplateImageTest.app; sourceTree = BUILT_PRODUCTS_DIR; };
		8A0B0D80180D845200A61B3B /* Foundation.framework */ = {isa = PBXFileReference; lastKnownFileType = wrapper.framework; name = Foundation.framework; path = System/Library/Frameworks/Foundation.framework; sourceTree = SDKROOT; };
		8A0B0D82180D845200A61B3B /* CoreGraphics.framework */ = {isa = PBXFileReference; lastKnownFileType = wrapper.framework; name = CoreGraphics.framework; path = System/Library/Frameworks/CoreGraphics.framework; sourceTree = SDKROOT; };
		8A0B0D84180D845200A61B3B /* UIKit.framework */ = {isa = PBXFileReference; lastKnownFileType = wrapper.framework; name = UIKit.framework; path = System/Library/Frameworks/UIKit.framework; sourceTree = SDKROOT; };
		8A0B0D88180D845200A61B3B /* TemplateImageTest-Info.plist */ = {isa = PBXFileReference; lastKnownFileType = text.plist.xml; path = "TemplateImageTest-Info.plist"; sourceTree = "<group>"; };
		8A0B0D8A180D845200A61B3B /* en */ = {isa = PBXFileReference; lastKnownFileType = text.plist.strings; name = en; path = en.lproj/InfoPlist.strings; sourceTree = "<group>"; };
		8A0B0D8C180D845200A61B3B /* main.m */ = {isa = PBXFileReference; lastKnownFileType = sourcecode.c.objc; path = main.m; sourceTree = "<group>"; };
		8A0B0D8E180D845200A61B3B /* TemplateImageTest-Prefix.pch */ = {isa = PBXFileReference; lastKnownFileType = sourcecode.c.h; path = "TemplateImageTest-Prefix.pch"; sourceTree = "<group>"; };
		8A0B0D8F180D845200A61B3B /* TMPAppDelegate.h */ = {isa = PBXFileReference; lastKnownFileType = sourcecode.c.h; path = TMPAppDelegate.h; sourceTree = "<group>"; };
		8A0B0D90180D845200A61B3B /* TMPAppDelegate.m */ = {isa = PBXFileReference; lastKnownFileType = sourcecode.c.objc; path = TMPAppDelegate.m; sourceTree = "<group>"; };
		8A0B0D93180D845200A61B3B /* Base */ = {isa = PBXFileReference; lastKnownFileType = file.storyboard; name = Base; path = Base.lproj/Main_iPhone.storyboard; sourceTree = "<group>"; };
		8A0B0D96180D845200A61B3B /* Base */ = {isa = PBXFileReference; lastKnownFileType = file.storyboard; name = Base; path = Base.lproj/Main_iPad.storyboard; sourceTree = "<group>"; };
		8A0B0D98180D845200A61B3B /* TMPViewController.h */ = {isa = PBXFileReference; lastKnownFileType = sourcecode.c.h; path = TMPViewController.h; sourceTree = "<group>"; };
		8A0B0D99180D845200A61B3B /* TMPViewController.m */ = {isa = PBXFileReference; lastKnownFileType = sourcecode.c.objc; path = TMPViewController.m; sourceTree = "<group>"; };
		8A0B0D9B180D845200A61B3B /* Images.xcassets */ = {isa = PBXFileReference; lastKnownFileType = folder.assetcatalog; path = Images.xcassets; sourceTree = "<group>"; };
		8A0B0DA1180D845200A61B3B /* TemplateImageTestTests.xctest */ = {isa = PBXFileReference; explicitFileType = wrapper.cfbundle; includeInIndex = 0; path = TemplateImageTestTests.xctest; sourceTree = BUILT_PRODUCTS_DIR; };
		8A0B0DA2180D845200A61B3B /* XCTest.framework */ = {isa = PBXFileReference; lastKnownFileType = wrapper.framework; name = XCTest.framework; path = Library/Frameworks/XCTest.framework; sourceTree = DEVELOPER_DIR; };
		8A0B0DAA180D845200A61B3B /* TemplateImageTestTests-Info.plist */ = {isa = PBXFileReference; lastKnownFileType = text.plist.xml; path = "TemplateImageTestTests-Info.plist"; sourceTree = "<group>"; };
		8A0B0DAC180D845200A61B3B /* en */ = {isa = PBXFileReference; lastKnownFileType = text.plist.strings; name = en; path = en.lproj/InfoPlist.strings; sourceTree = "<group>"; };
		8A0B0DAE180D845200A61B3B /* TemplateImageTestTests.m */ = {isa = PBXFileReference; lastKnownFileType = sourcecode.c.objc; path = TemplateImageTestTests.m; sourceTree = "<group>"; };
/* End PBXFileReference section */

/* Begin PBXFrameworksBuildPhase section */
		8A0B0D7A180D845200A61B3B /* Frameworks */ = {
			isa = PBXFrameworksBuildPhase;
			buildActionMask = 2147483647;
			files = (
				8A0B0D83180D845200A61B3B /* CoreGraphics.framework in Frameworks */,
				8A0B0D85180D845200A61B3B /* UIKit.framework in Frameworks */,
				8A0B0D81180D845200A61B3B /* Foundation.framework in Frameworks */,
			);
			runOnlyForDeploymentPostprocessing = 0;
		};
		8A0B0D9E180D845200A61B3B /* Frameworks */ = {
			isa = PBXFrameworksBuildPhase;
			buildActionMask = 2147483647;
			files = (
				8A0B0DA3180D845200A61B3B /* XCTest.framework in Frameworks */,
				8A0B0DA5180D845200A61B3B /* UIKit.framework in Frameworks */,
				8A0B0DA4180D845200A61B3B /* Foundation.framework in Frameworks */,
			);
			runOnlyForDeploymentPostprocessing = 0;
		};
/* End PBXFrameworksBuildPhase section */

/* Begin PBXGroup section */
		8A0B0D74180D845200A61B3B = {
			isa = PBXGroup;
			children = (
				8A0B0D86180D845200A61B3B /* TemplateImageTest */,
				8A0B0DA8180D845200A61B3B /* TemplateImageTestTests */,
				8A0B0D7F180D845200A61B3B /* Frameworks */,
				8A0B0D7E180D845200A61B3B /* Products */,
			);
			sourceTree = "<group>";
		};
		8A0B0D7E180D845200A61B3B /* Products */ = {
			isa = PBXGroup;
			children = (
				8A0B0D7D180D845200A61B3B /* TemplateImageTest.app */,
				8A0B0DA1180D845200A61B3B /* TemplateImageTestTests.xctest */,
			);
			name = Products;
			sourceTree = "<group>";
		};
		8A0B0D7F180D845200A61B3B /* Frameworks */ = {
			isa = PBXGroup;
			children = (
				8A0B0D80180D845200A61B3B /* Foundation.framework */,
				8A0B0D82180D845200A61B3B /* CoreGraphics.framework */,
				8A0B0D84180D845200A61B3B /* UIKit.framework */,
				8A0B0DA2180D845200A61B3B /* XCTest.framework */,
			);
			name = Frameworks;
			sourceTree = "<group>";
		};
		8A0B0D86180D845200A61B3B /* TemplateImageTest */ = {
			isa = PBXGroup;
			children = (
				8A0B0D8F180D845200A61B3B /* TMPAppDelegate.h */,
				8A0B0D90180D845200A61B3B /* TMPAppDelegate.m */,
				8A0B0D92180D845200A61B3B /* Main_iPhone.storyboard */,
				8A0B0D95180D845200A61B3B /* Main_iPad.storyboard */,
				8A0B0D98180D845200A61B3B /* TMPViewController.h */,
				8A0B0D99180D845200A61B3B /* TMPViewController.m */,
				8A0B0D9B180D845200A61B3B /* Images.xcassets */,
				8A0B0D87180D845200A61B3B /* Supporting Files */,
			);
			path = TemplateImageTest;
			sourceTree = "<group>";
		};
		8A0B0D87180D845200A61B3B /* Supporting Files */ = {
			isa = PBXGroup;
			children = (
				8A0B0D88180D845200A61B3B /* TemplateImageTest-Info.plist */,
				8A0B0D89180D845200A61B3B /* InfoPlist.strings */,
				8A0B0D8C180D845200A61B3B /* main.m */,
				8A0B0D8E180D845200A61B3B /* TemplateImageTest-Prefix.pch */,
			);
			name = "Supporting Files";
			sourceTree = "<group>";
		};
		8A0B0DA8180D845200A61B3B /* TemplateImageTestTests */ = {
			isa = PBXGroup;
			children = (
				8A0B0DAE180D845200A61B3B /* TemplateImageTestTests.m */,
				8A0B0DA9180D845200A61B3B /* Supporting Files */,
			);
			path = TemplateImageTestTests;
			sourceTree = "<group>";
		};
		8A0B0DA9180D845200A61B3B /* Supporting Files */ = {
			isa = PBXGroup;
			children = (
				8A0B0DAA180D845200A61B3B /* TemplateImageTestTests-Info.plist */,
				8A0B0DAB180D845200A61B3B /* InfoPlist.strings */,
			);
			name = "Supporting Files";
			sourceTree = "<group>";
		};
/* End PBXGroup section */

/* Begin PBXNativeTarget section */
		8A0B0D7C180D845200A61B3B /* TemplateImageTest */ = {
			isa = PBXNativeTarget;
			buildConfigurationList = 8A0B0DB2180D845200A61B3B /* Build configuration list for PBXNativeTarget "TemplateImageTest" */;
			buildPhases = (
				8A0B0D79180D845200A61B3B /* Sources */,
				8A0B0D7A180D845200A61B3B /* Frameworks */,
				8A0B0D7B180D845200A61B3B /* Resources */,
			);
			buildRules = (
			);
			dependencies = (
			);
			name = TemplateImageTest;
			productName = TemplateImageTest;
			productReference = 8A0B0D7D180D845200A61B3B /* TemplateImageTest.app */;
			productType = "com.apple.product-type.application";
		};
		8A0B0DA0180D845200A61B3B /* TemplateImageTestTests */ = {
			isa = PBXNativeTarget;
			buildConfigurationList = 8A0B0DB5180D845200A61B3B /* Build configuration list for PBXNativeTarget "TemplateImageTestTests" */;
			buildPhases = (
				8A0B0D9D180D845200A61B3B /* Sources */,
				8A0B0D9E180D845200A61B3B /* Frameworks */,
				8A0B0D9F180D845200A61B3B /* Resources */,
			);
			buildRules = (
			);
			dependencies = (
				8A0B0DA7180D845200A61B3B /* PBXTargetDependency */,
			);
			name = TemplateImageTestTests;
			productName = TemplateImageTestTests;
			productReference = 8A0B0DA1180D845200A61B3B /* TemplateImageTestTests.xctest */;
			productType = "com.apple.product-type.bundle.unit-test";
		};
/* End PBXNativeTarget section */

/* Begin PBXProject section */
		8A0B0D75180D845200A61B3B /* Project object */ = {
			isa = PBXProject;
			attributes = {
				CLASSPREFIX = TMP;
				LastUpgradeCheck = 0500;
				ORGANIZATIONNAME = "2 Limes";
				TargetAttributes = {
					8A0B0DA0180D845200A61B3B = {
						TestTargetID = 8A0B0D7C180D845200A61B3B;
					};
				};
			};
			buildConfigurationList = 8A0B0D78180D845200A61B3B /* Build configuration list for PBXProject "TemplateImageTest" */;
			compatibilityVersion = "Xcode 3.2";
			developmentRegion = English;
			hasScannedForEncodings = 0;
			knownRegions = (
				en,
				Base,
			);
			mainGroup = 8A0B0D74180D845200A61B3B;
			productRefGroup = 8A0B0D7E180D845200A61B3B /* Products */;
			projectDirPath = "";
			projectRoot = "";
			targets = (
				8A0B0D7C180D845200A61B3B /* TemplateImageTest */,
				8A0B0DA0180D845200A61B3B /* TemplateImageTestTests */,
			);
		};
/* End PBXProject section */

/* Begin PBXResourcesBuildPhase section */
		8A0B0D7B180D845200A61B3B /* Resources */ = {
			isa = PBXResourcesBuildPhase;
			buildActionMask = 2147483647;
			files = (
				8A0B0D97180D845200A61B3B /* Main_iPad.storyboard in Resources */,
				8A0B0D9C180D845200A61B3B /* Images.xcassets in Resources */,
				8A0B0D94180D845200A61B3B /* Main_iPhone.storyboard in Resources */,
				8A0B0D8B180D845200A61B3B /* InfoPlist.strings in Resources */,
			);
			runOnlyForDeploymentPostprocessing = 0;
		};
		8A0B0D9F180D845200A61B3B /* Resources */ = {
			isa = PBXResourcesBuildPhase;
			buildActionMask = 2147483647;
			files = (
				8A0B0DAD180D845200A61B3B /* InfoPlist.strings in Resources */,
			);
			runOnlyForDeploymentPostprocessing = 0;
		};
/* End PBXResourcesBuildPhase section */

/* Begin PBXSourcesBuildPhase section */
		8A0B0D79180D845200A61B3B /* Sources */ = {
			isa = PBXSourcesBuildPhase;
			buildActionMask = 2147483647;
			files = (
				8A0B0D91180D845200A61B3B /* TMPAppDelegate.m in Sources */,
				8A0B0D9A180D845200A61B3B /* TMPViewController.m in Sources */,
				8A0B0D8D180D845200A61B3B /* main.m in Sources */,
			);
			runOnlyForDeploymentPostprocessing = 0;
		};
		8A0B0D9D180D845200A61B3B /* Sources */ = {
			isa = PBXSourcesBuildPhase;
			buildActionMask = 2147483647;
			files = (
				8A0B0DAF180D845200A61B3B /* TemplateImageTestTests.m in Sources */,
			);
			runOnlyForDeploymentPostprocessing = 0;
		};
/* End PBXSourcesBuildPhase section */

/* Begin PBXTargetDependency section */
		8A0B0DA7180D845200A61B3B /* PBXTargetDependency */ = {
			isa = PBXTargetDependency;
			target = 8A0B0D7C180D845200A61B3B /* TemplateImageTest */;
			targetProxy = 8A0B0DA6180D845200A61B3B /* PBXContainerItemProxy */;
		};
/* End PBXTargetDependency section */

/* Begin PBXVariantGroup section */
		8A0B0D89180D845200A61B3B /* InfoPlist.strings */ = {
			isa = PBXVariantGroup;
			children = (
				8A0B0D8A180D845200A61B3B /* en */,
			);
			name = InfoPlist.strings;
			sourceTree = "<group>";
		};
		8A0B0D92180D845200A61B3B /* Main_iPhone.storyboard */ = {
			isa = PBXVariantGroup;
			children = (
				8A0B0D93180D845200A61B3B /* Base */,
			);
			name = Main_iPhone.storyboard;
			sourceTree = "<group>";
		};
		8A0B0D95180D845200A61B3B /* Main_iPad.storyboard */ = {
			isa = PBXVariantGroup;
			children = (
				8A0B0D96180D845200A61B3B /* Base */,
			);
			name = Main_iPad.storyboard;
			sourceTree = "<group>";
		};
		8A0B0DAB180D845200A61B3B /* InfoPlist.strings */ = {
			isa = PBXVariantGroup;
			children = (
				8A0B0DAC180D845200A61B3B /* en */,
			);
			name = InfoPlist.strings;
			sourceTree = "<group>";
		};
/* End PBXVariantGroup section */

/* Begin XCBuildConfiguration section */
		8A0B0DB0180D845200A61B3B /* Debug */ = {
			isa = XCBuildConfiguration;
			buildSettings = {
				ALWAYS_SEARCH_USER_PATHS = NO;
				ARCHS = "$(ARCHS_STANDARD_INCLUDING_64_BIT)";
				CLANG_CXX_LANGUAGE_STANDARD = "gnu++0x";
				CLANG_CXX_LIBRARY = "libc++";
				CLANG_ENABLE_MODULES = YES;
				CLANG_ENABLE_OBJC_ARC = YES;
				CLANG_WARN_BOOL_CONVERSION = YES;
				CLANG_WARN_CONSTANT_CONVERSION = YES;
				CLANG_WARN_DIRECT_OBJC_ISA_USAGE = YES_ERROR;
				CLANG_WARN_EMPTY_BODY = YES;
				CLANG_WARN_ENUM_CONVERSION = YES;
				CLANG_WARN_INT_CONVERSION = YES;
				CLANG_WARN_OBJC_ROOT_CLASS = YES_ERROR;
				CLANG_WARN__DUPLICATE_METHOD_MATCH = YES;
				"CODE_SIGN_IDENTITY[sdk=iphoneos*]" = "iPhone Developer";
				COPY_PHASE_STRIP = NO;
				GCC_C_LANGUAGE_STANDARD = gnu99;
				GCC_DYNAMIC_NO_PIC = NO;
				GCC_OPTIMIZATION_LEVEL = 0;
				GCC_PREPROCESSOR_DEFINITIONS = (
					"DEBUG=1",
					"$(inherited)",
				);
				GCC_SYMBOLS_PRIVATE_EXTERN = NO;
				GCC_WARN_64_TO_32_BIT_CONVERSION = YES;
				GCC_WARN_ABOUT_RETURN_TYPE = YES_ERROR;
				GCC_WARN_UNDECLARED_SELECTOR = YES;
				GCC_WARN_UNINITIALIZED_AUTOS = YES;
				GCC_WARN_UNUSED_FUNCTION = YES;
				GCC_WARN_UNUSED_VARIABLE = YES;
				IPHONEOS_DEPLOYMENT_TARGET = 7.0;
				ONLY_ACTIVE_ARCH = YES;
				SDKROOT = iphoneos;
				TARGETED_DEVICE_FAMILY = "1,2";
			};
			name = Debug;
		};
		8A0B0DB1180D845200A61B3B /* Release */ = {
			isa = XCBuildConfiguration;
			buildSettings = {
				ALWAYS_SEARCH_USER_PATHS = NO;
				ARCHS = "$(ARCHS_STANDARD_INCLUDING_64_BIT)";
				CLANG_CXX_LANGUAGE_STANDARD = "gnu++0x";
				CLANG_CXX_LIBRARY = "libc++";
				CLANG_ENABLE_MODULES = YES;
				CLANG_ENABLE_OBJC_ARC = YES;
				CLANG_WARN_BOOL_CONVERSION = YES;
				CLANG_WARN_CONSTANT_CONVERSION = YES;
				CLANG_WARN_DIRECT_OBJC_ISA_USAGE = YES_ERROR;
				CLANG_WARN_EMPTY_BODY = YES;
				CLANG_WARN_ENUM_CONVERSION = YES;
				CLANG_WARN_INT_CONVERSION = YES;
				CLANG_WARN_OBJC_ROOT_CLASS = YES_ERROR;
				CLANG_WARN__DUPLICATE_METHOD_MATCH = YES;
				"CODE_SIGN_IDENTITY[sdk=iphoneos*]" = "iPhone Developer";
				COPY_PHASE_STRIP = YES;
				ENABLE_NS_ASSERTIONS = NO;
				GCC_C_LANGUAGE_STANDARD = gnu99;
				GCC_WARN_64_TO_32_BIT_CONVERSION = YES;
				GCC_WARN_ABOUT_RETURN_TYPE = YES_ERROR;
				GCC_WARN_UNDECLARED_SELECTOR = YES;
				GCC_WARN_UNINITIALIZED_AUTOS = YES;
				GCC_WARN_UNUSED_FUNCTION = YES;
				GCC_WARN_UNUSED_VARIABLE = YES;
				IPHONEOS_DEPLOYMENT_TARGET = 7.0;
				SDKROOT = iphoneos;
				TARGETED_DEVICE_FAMILY = "1,2";
				VALIDATE_PRODUCT = YES;
			};
			name = Release;
		};
		8A0B0DB3180D845200A61B3B /* Debug */ = {
			isa = XCBuildConfiguration;
			buildSettings = {
				ASSETCATALOG_COMPILER_APPICON_NAME = AppIcon;
				ASSETCATALOG_COMPILER_LAUNCHIMAGE_NAME = LaunchImage;
				GCC_PRECOMPILE_PREFIX_HEADER = YES;
				GCC_PREFIX_HEADER = "TemplateImageTest/TemplateImageTest-Prefix.pch";
				INFOPLIST_FILE = "TemplateImageTest/TemplateImageTest-Info.plist";
				PRODUCT_NAME = "$(TARGET_NAME)";
				WRAPPER_EXTENSION = app;
			};
			name = Debug;
		};
		8A0B0DB4180D845200A61B3B /* Release */ = {
			isa = XCBuildConfiguration;
			buildSettings = {
				ASSETCATALOG_COMPILER_APPICON_NAME = AppIcon;
				ASSETCATALOG_COMPILER_LAUNCHIMAGE_NAME = LaunchImage;
				GCC_PRECOMPILE_PREFIX_HEADER = YES;
				GCC_PREFIX_HEADER = "TemplateImageTest/TemplateImageTest-Prefix.pch";
				INFOPLIST_FILE = "TemplateImageTest/TemplateImageTest-Info.plist";
				PRODUCT_NAME = "$(TARGET_NAME)";
				WRAPPER_EXTENSION = app;
			};
			name = Release;
		};
		8A0B0DB6180D845200A61B3B /* Debug */ = {
			isa = XCBuildConfiguration;
			buildSettings = {
				ARCHS = "$(ARCHS_STANDARD_INCLUDING_64_BIT)";
				BUNDLE_LOADER = "$(BUILT_PRODUCTS_DIR)/TemplateImageTest.app/TemplateImageTest";
				FRAMEWORK_SEARCH_PATHS = (
					"$(SDKROOT)/Developer/Library/Frameworks",
					"$(inherited)",
					"$(DEVELOPER_FRAMEWORKS_DIR)",
				);
				GCC_PRECOMPILE_PREFIX_HEADER = YES;
				GCC_PREFIX_HEADER = "TemplateImageTest/TemplateImageTest-Prefix.pch";
				GCC_PREPROCESSOR_DEFINITIONS = (
					"DEBUG=1",
					"$(inherited)",
				);
				INFOPLIST_FILE = "TemplateImageTestTests/TemplateImageTestTests-Info.plist";
				PRODUCT_NAME = "$(TARGET_NAME)";
				TEST_HOST = "$(BUNDLE_LOADER)";
				WRAPPER_EXTENSION = xctest;
			};
			name = Debug;
		};
		8A0B0DB7180D845200A61B3B /* Release */ = {
			isa = XCBuildConfiguration;
			buildSettings = {
				ARCHS = "$(ARCHS_STANDARD_INCLUDING_64_BIT)";
				BUNDLE_LOADER = "$(BUILT_PRODUCTS_DIR)/TemplateImageTest.app/TemplateImageTest";
				FRAMEWORK_SEARCH_PATHS = (
					"$(SDKROOT)/Developer/Library/Frameworks",
					"$(inherited)",
					"$(DEVELOPER_FRAMEWORKS_DIR)",
				);
				GCC_PRECOMPILE_PREFIX_HEADER = YES;
				GCC_PREFIX_HEADER = "TemplateImageTest/TemplateImageTest-Prefix.pch";
				INFOPLIST_FILE = "TemplateImageTestTests/TemplateImageTestTests-Info.plist";
				PRODUCT_NAME = "$(TARGET_NAME)";
				TEST_HOST = "$(BUNDLE_LOADER)";
				WRAPPER_EXTENSION = xctest;
			};
			name = Release;
		};
/* End XCBuildConfiguration section */

/* Begin XCConfigurationList section */
		8A0B0D78180D845200A61B3B /* Build configuration list for PBXProject "TemplateImageTest" */ = {
			isa = XCConfigurationList;
			buildConfigurations = (
				8A0B0DB0180D845200A61B3B /* Debug */,
				8A0B0DB1180D845200A61B3B /* Release */,
			);
			defaultConfigurationIsVisible = 0;
			defaultConfigurationName = Release;
		};
		8A0B0DB2180D845200A61B3B /* Build configuration list for PBXNativeTarget "TemplateImageTest" */ = {
			isa = XCConfigurationList;
			buildConfigurations = (
				8A0B0DB3180D845200A61B3B /* Debug */,
				8A0B0DB4180D845200A61B3B /* Release */,
			);
			defaultConfigurationIsVisible = 0;
		};
		8A0B0DB5180D845200A61B3B /* Build configuration list for PBXNativeTarget "TemplateImageTestTests" */ = {
			isa = XCConfigurationList;
			buildConfigurations = (
				8A0B0DB6180D845200A61B3B /* Debug */,
				8A0B0DB7180D845200A61B3B /* Release */,
			);
			defaultConfigurationIsVisible = 0;
		};
/* End XCConfigurationList section */
	};
	rootObject = 8A0B0D75180D845200A61B3B /* Project object */;
}
